# THIS IS AN AUTOGENERATED FILE. DO NOT EDIT THIS FILE DIRECTLY.
# yarn lockfile v1


"@bsansouci/reasongl-web@^1.0.1":
  version "1.0.1"
  resolved "https://registry.yarnpkg.com/@bsansouci/reasongl-web/-/reasongl-web-1.0.1.tgz#06a316df0ee211805e41d6e26df066f6d63a19a3"
  integrity sha512-YZ8GVT4n2VBz98vf9NUN0p5K1GzpblUMDiPfYq32+NZPo58fZ/XbtutXv7m0fBXu+LhxP+UkY8B2nofkMu2plQ==
  dependencies:
    gl-matrix "*"

bs-platform@^9.0.2:
  version "9.0.2"
  resolved "https://registry.yarnpkg.com/bs-platform/-/bs-platform-9.0.2.tgz#a6eac70eb8924a322556dacaccbfbc9b2a0d3a37"
  integrity sha512-Ye9JqJ4Oa7mcjjoOVRYI8Uc2Cf8N7jQLWDcdUplY7996d/YErSR7WitmV7XnSwr4EvdrbwjEsg1NxNjUQv3ChA==

gl-matrix@*:
  version "3.3.0"
  resolved "https://registry.yarnpkg.com/gl-matrix/-/gl-matrix-3.3.0.tgz#232eef60b1c8b30a28cbbe75b2caf6c48fd6358b"
  integrity sha512-COb7LDz+SXaHtl/h4LeaFcNdJdAQSDeVqjiIihSXNrkWObZLhDI4hIkZC11Aeqp7bcE72clzB0BnDXr2SmslRA==

reprocessing@schmavery/reprocessing:
  version "1.0.0"
  resolved "https://codeload.github.com/schmavery/reprocessing/tar.gz/d5ca4b0cf7edd897d9a78ba640621ddc2788d0c1"
  dependencies:
    "@bsansouci/reasongl-web" "^1.0.1"

rescript@10.1.2:
  version "10.1.2"
  resolved "https://registry.yarnpkg.com/rescript/-/rescript-10.1.2.tgz#ed3b8c762d6e22139803c16e765356685693e38c"
  integrity sha512-PPdhOiN+lwqxQ0qvzHc1KW0TL12LDy2X+qo/JIMIP3bMfiH0vxQH2e/lXuoutWWm04fGQGTv3hWH+gKW3/UyfA==
